
Microsoft Visual Studio Solution File, Format Version 12.00
# Visual Studio Version 17
VisualStudioVersion = 17.13.35825.156 d17.13
MinimumVisualStudioVersion = 10.0.40219.1
Project("{FAE04EC0-301F-11D3-BF4B-00C04F79EFBC}") = "HelloWorld", "HelloWorld.csproj", "{BB36E675-A3B2-402F-869F-358CC8596A2B}"
EndProject
Global
	GlobalSection(SolutionConfigurationPlatforms) = preSolution
		Debug|Any CPU = Debug|Any CPU
		Release|Any CPU = Release|Any CPU
	EndGlobalSection
	GlobalSection(ProjectConfigurationPlatforms) = postSolution
		{BB36E675-A3B2-402F-869F-358CC8596A2B}.Debug|Any CPU.ActiveCfg = Debug|Any CPU
		{BB36E675-A3B2-402F-869F-358CC8596A2B}.Debug|Any CPU.Build.0 = Debug|Any CPU
		{BB36E675-A3B2-402F-869F-358CC8596A2B}.Release|Any CPU.ActiveCfg = Release|Any CPU
		{BB36E675-A3B2-402F-869F-358CC8596A2B}.Release|Any CPU.Build.0 = Release|Any CPU
	EndGlobalSection
	GlobalSection(SolutionProperties) = preSolution
		HideSolutionNode = FALSE
	EndGlobalSection
	GlobalSection(ExtensibilityGlobals) = postSolution
		SolutionGuid = {A241E080-DB65-4084-8F70-5F2DF073BFE2}
	EndGlobalSection
EndGlobal
